{
  "name": "swift-demo",
  "version": "1.0.0",
  "lockfileVersion": 2,
  "requires": true,
  "packages": {
    "": {
      "name": "swift-demo",
      "version": "1.0.0",
      "license": "ISC",
      "dependencies": {
        "axios": "^0.21.4",
        "convert-csv-to-json": "^1.4.0",
        "json2csv": "^5.0.7"
      }
    },
    "node_modules/axios": {
      "version": "0.21.4",
      "resolved": "https://registry.npmjs.org/axios/-/axios-0.21.4.tgz",
      "integrity": "sha512-ut5vewkiu8jjGBdqpM44XxjuCjq9LAKeHVmoVfHVzy8eHgxxq8SbAVQNovDA8mVi05kP0Ea/n/UzcSHcTJQfNg==",
      "dependencies": {
        "follow-redirects": "^1.14.0"
      }
    },
    "node_modules/commander": {
      "version": "6.2.1",
      "resolved": "https://registry.npmjs.org/commander/-/commander-6.2.1.tgz",
      "integrity": "sha512-U7VdrJFnJgo4xjrHpTzu0yrHPGImdsmD95ZlgYSEajAn2JKzDhDTPG9kBTefmObL2w/ngeZnilk+OV9CG3d7UA==",
      "engines": {
        "node": ">= 6"
      }
    },
    "node_modules/convert-csv-to-json": {
      "version": "1.4.0",
      "resolved": "https://registry.npmjs.org/convert-csv-to-json/-/convert-csv-to-json-1.4.0.tgz",
      "integrity": "sha512-oIW5geW3MzNaVj8959m4Zgr2QMcnF7/ap+oIiHu47mtv8Fz1jaV643eEpZSzvTY9hfc508HRXUtEHKp1nw01Vg=="
    },
    "node_modules/follow-redirects": {
      "version": "1.15.2",
      "resolved": "https://registry.npmjs.org/follow-redirects/-/follow-redirects-1.15.2.tgz",
      "integrity": "sha512-VQLG33o04KaQ8uYi2tVNbdrWp1QWxNNea+nmIB4EVM28v0hmP17z7aG1+wAkNzVq4KeXTq3221ye5qTJP91JwA==",
      "funding": [
        {
          "type": "individual",
          "url": "https://github.com/sponsors/RubenVerborgh"
        }
      ],
      "engines": {
        "node": ">=4.0"
      },
      "peerDependenciesMeta": {
        "debug": {
          "optional": true
        }
      }
    },
    "node_modules/json2csv": {
      "version": "5.0.7",
      "resolved": "https://registry.npmjs.org/json2csv/-/json2csv-5.0.7.tgz",
      "integrity": "sha512-YRZbUnyaJZLZUJSRi2G/MqahCyRv9n/ds+4oIetjDF3jWQA7AG7iSeKTiZiCNqtMZM7HDyt0e/W6lEnoGEmMGA==",
      "dependencies": {
        "commander": "^6.1.0",
        "jsonparse": "^1.3.1",
        "lodash.get": "^4.4.2"
      },
      "bin": {
        "json2csv": "bin/json2csv.js"
      },
      "engines": {
        "node": ">= 10",
        "npm": ">= 6.13.0"
      }
    },
    "node_modules/jsonparse": {
      "version": "1.3.1",
      "resolved": "https://registry.npmjs.org/jsonparse/-/jsonparse-1.3.1.tgz",
      "integrity": "sha512-POQXvpdL69+CluYsillJ7SUhKvytYjW9vG/GKpnf+xP8UWgYEM/RaMzHHofbALDiKbbP1W8UEYmgGl39WkPZsg==",
      "engines": [
        "node >= 0.2.0"
      ]
    },
    "node_modules/lodash.get": {
      "version": "4.4.2",
      "resolved": "https://registry.npmjs.org/lodash.get/-/lodash.get-4.4.2.tgz",
      "integrity": "sha512-z+Uw/vLuy6gQe8cfaFWD7p0wVv8fJl3mbzXh33RS+0oW2wvUqiRXiQ69gLWSLpgB5/6sU+r6BlQR0MBILadqTQ=="
    }
  },
  "dependencies": {
    "axios": {
      "version": "0.21.4",
      "resolved": "https://registry.npmjs.org/axios/-/axios-0.21.4.tgz",
      "integrity": "sha512-ut5vewkiu8jjGBdqpM44XxjuCjq9LAKeHVmoVfHVzy8eHgxxq8SbAVQNovDA8mVi05kP0Ea/n/UzcSHcTJQfNg==",
      "requires": {
        "follow-redirects": "^1.14.0"
      }
    },
    "commander": {
      "version": "6.2.1",
      "resolved": "https://registry.npmjs.org/commander/-/commander-6.2.1.tgz",
      "integrity": "sha512-U7VdrJFnJgo4xjrHpTzu0yrHPGImdsmD95ZlgYSEajAn2JKzDhDTPG9kBTefmObL2w/ngeZnilk+OV9CG3d7UA=="
    },
    "convert-csv-to-json": {
      "version": "1.4.0",
      "resolved": "https://registry.npmjs.org/convert-csv-to-json/-/convert-csv-to-json-1.4.0.tgz",
      "integrity": "sha512-oIW5geW3MzNaVj8959m4Zgr2QMcnF7/ap+oIiHu47mtv8Fz1jaV643eEpZSzvTY9hfc508HRXUtEHKp1nw01Vg=="
    },
    "follow-redirects": {
      "version": "1.15.2",
      "resolved": "https://registry.npmjs.org/follow-redirects/-/follow-redirects-1.15.2.tgz",
      "integrity": "sha512-VQLG33o04KaQ8uYi2tVNbdrWp1QWxNNea+nmIB4EVM28v0hmP17z7aG1+wAkNzVq4KeXTq3221ye5qTJP91JwA=="
    },
    "json2csv": {
      "version": "5.0.7",
      "resolved": "https://registry.npmjs.org/json2csv/-/json2csv-5.0.7.tgz",
      "integrity": "sha512-YRZbUnyaJZLZUJSRi2G/MqahCyRv9n/ds+4oIetjDF3jWQA7AG7iSeKTiZiCNqtMZM7HDyt0e/W6lEnoGEmMGA==",
      "requires": {
        "commander": "^6.1.0",
        "jsonparse": "^1.3.1",
        "lodash.get": "^4.4.2"
      }
    },
    "jsonparse": {
      "version": "1.3.1",
      "resolved": "https://registry.npmjs.org/jsonparse/-/jsonparse-1.3.1.tgz",
      "integrity": "sha512-POQXvpdL69+CluYsillJ7SUhKvytYjW9vG/GKpnf+xP8UWgYEM/RaMzHHofbALDiKbbP1W8UEYmgGl39WkPZsg=="
    },
    "lodash.get": {
      "version": "4.4.2",
      "resolved": "https://registry.npmjs.org/lodash.get/-/lodash.get-4.4.2.tgz",
      "integrity": "sha512-z+Uw/vLuy6gQe8cfaFWD7p0wVv8fJl3mbzXh33RS+0oW2wvUqiRXiQ69gLWSLpgB5/6sU+r6BlQR0MBILadqTQ=="
    }
  }
}
